
Microsoft Visual Studio Solution File, Format Version 12.00
# Visual Studio Version 16
VisualStudioVersion = 16.0.30002.166
MinimumVisualStudioVersion = 10.0.40219.1
Project("{FAE04EC0-301F-11D3-BF4B-00C04F79EFBC}") = "8BDAPI", "8BDAPI\8BDAPI.csproj", "{C19F8659-A746-445C-99D8-31EB717E95B9}"
EndProject
Global
	GlobalSection(SolutionConfigurationPlatforms) = preSolution
		Debug|Any CPU = Debug|Any CPU
		Release|Any CPU = Release|Any CPU
	EndGlobalSection
	GlobalSection(ProjectConfigurationPlatforms) = postSolution
		{C19F8659-A746-445C-99D8-31EB717E95B9}.Debug|Any CPU.ActiveCfg = Debug|Any CPU
		{C19F8659-A746-445C-99D8-31EB717E95B9}.Debug|Any CPU.Build.0 = Debug|Any CPU
		{C19F8659-A746-445C-99D8-31EB717E95B9}.Release|Any CPU.ActiveCfg = Release|Any CPU
		{C19F8659-A746-445C-99D8-31EB717E95B9}.Release|Any CPU.Build.0 = Release|Any CPU
	EndGlobalSection
	GlobalSection(SolutionProperties) = preSolution
		HideSolutionNode = FALSE
	EndGlobalSection
	GlobalSection(ExtensibilityGlobals) = postSolution
		SolutionGuid = {45A18F73-67EC-4230-8ED8-7917AD0662AC}
	EndGlobalSection
EndGlobal
